// !$*UTF8*$!
{
	archiveVersion = 1;
	classes = {
	};
	objectVersion = 56;
	objects = {

/* Begin PBXBuildFile section */
		BC26CE4E29921ECC00423FB4 /* AppDelegate.m in Sources */ = {isa = PBXBuildFile; fileRef = BC26CE4D29921ECC00423FB4 /* AppDelegate.m */; };
		BC26CE5429921ECC00423FB4 /* ViewController.m in Sources */ = {isa = PBXBuildFile; fileRef = BC26CE5329921ECC00423FB4 /* ViewController.m */; };
		BC26CE5729921ECC00423FB4 /* Main.storyboard in Resources */ = {isa = PBXBuildFile; fileRef = BC26CE5529921ECC00423FB4 /* Main.storyboard */; };
		BC26CE5929921ECD00423FB4 /* Assets.xcassets in Resources */ = {isa = PBXBuildFile; fileRef = BC26CE5829921ECD00423FB4 /* Assets.xcassets */; };
		BC26CE5C29921ECD00423FB4 /* LaunchScreen.storyboard in Resources */ = {isa = PBXBuildFile; fileRef = BC26CE5A29921ECD00423FB4 /* LaunchScreen.storyboard */; };
		BC26CE5F29921ECD00423FB4 /* main.m in Sources */ = {isa = PBXBuildFile; fileRef = BC26CE5E29921ECD00423FB4 /* main.m */; };
/* End PBXBuildFile section */

/* Begin PBXFileReference section */
		BC26CE4929921ECC00423FB4 /* CANDA_SEALS_OC.app */ = {isa = PBXFileReference; explicitFileType = wrapper.application; includeInIndex = 0; path = CANDA_SEALS_OC.app; sourceTree = BUILT_PRODUCTS_DIR; };
		BC26CE4C29921ECC00423FB4 /* AppDelegate.h */ = {isa = PBXFileReference; lastKnownFileType = sourcecode.c.h; path = AppDelegate.h; sourceTree = "<group>"; };
		BC26CE4D29921ECC00423FB4 /* AppDelegate.m */ = {isa = PBXFileReference; lastKnownFileType = sourcecode.c.objc; path = AppDelegate.m; sourceTree = "<group>"; };
		BC26CE5229921ECC00423FB4 /* ViewController.h */ = {isa = PBXFileReference; lastKnownFileType = sourcecode.c.h; path = ViewController.h; sourceTree = "<group>"; };
		BC26CE5329921ECC00423FB4 /* ViewController.m */ = {isa = PBXFileReference; lastKnownFileType = sourcecode.c.objc; path = ViewController.m; sourceTree = "<group>"; };
		BC26CE5629921ECC00423FB4 /* Base */ = {isa = PBXFileReference; lastKnownFileType = file.storyboard; name = Base; path = Base.lproj/Main.storyboard; sourceTree = "<group>"; };
		BC26CE5829921ECD00423FB4 /* Assets.xcassets */ = {isa = PBXFileReference; lastKnownFileType = folder.assetcatalog; path = Assets.xcassets; sourceTree = "<group>"; };
		BC26CE5B29921ECD00423FB4 /* Base */ = {isa = PBXFileReference; lastKnownFileType = file.storyboard; name = Base; path = Base.lproj/LaunchScreen.storyboard; sourceTree = "<group>"; };
		BC26CE5D29921ECD00423FB4 /* Info.plist */ = {isa = PBXFileReference; lastKnownFileType = text.plist.xml; path = Info.plist; sourceTree = "<group>"; };
		BC26CE5E29921ECD00423FB4 /* main.m */ = {isa = PBXFileReference; lastKnownFileType = sourcecode.c.objc; path = main.m; sourceTree = "<group>"; };
/* End PBXFileReference section */

/* Begin PBXFrameworksBuildPhase section */
		BC26CE4629921ECC00423FB4 /* Frameworks */ = {
			isa = PBXFrameworksBuildPhase;
			buildActionMask = 2147483647;
			files = (
			);
			runOnlyForDeploymentPostprocessing = 0;
		};
/* End PBXFrameworksBuildPhase section */

/* Begin PBXGroup section */
		BC26CE4029921ECC00423FB4 = {
			isa = PBXGroup;
			children = (
				BC26CE4B29921ECC00423FB4 /* CANDA_SEALS_OC */,
				BC26CE4A29921ECC00423FB4 /* Products */,
			);
			sourceTree = "<group>";
		};
		BC26CE4A29921ECC00423FB4 /* Products */ = {
			isa = PBXGroup;
			children = (
				BC26CE4929921ECC00423FB4 /* CANDA_SEALS_OC.app */,
			);
			name = Products;
			sourceTree = "<group>";
		};
		BC26CE4B29921ECC00423FB4 /* CANDA_SEALS_OC */ = {
			isa = PBXGroup;
			children = (
				BC26CE4C29921ECC00423FB4 /* AppDelegate.h */,
				BC26CE4D29921ECC00423FB4 /* AppDelegate.m */,
				BC26CE5229921ECC00423FB4 /* ViewController.h */,
				BC26CE5329921ECC00423FB4 /* ViewController.m */,
				BC26CE5529921ECC00423FB4 /* Main.storyboard */,
				BC26CE5829921ECD00423FB4 /* Assets.xcassets */,
				BC26CE5A29921ECD00423FB4 /* LaunchScreen.storyboard */,
				BC26CE5D29921ECD00423FB4 /* Info.plist */,
				BC26CE5E29921ECD00423FB4 /* main.m */,
			);
			path = CANDA_SEALS_OC;
			sourceTree = "<group>";
		};
/* End PBXGroup section */

/* Begin PBXNativeTarget section */
		BC26CE4829921ECC00423FB4 /* CANDA_SEALS_OC */ = {
			isa = PBXNativeTarget;
			buildConfigurationList = BC26CE6229921ECD00423FB4 /* Build configuration list for PBXNativeTarget "CANDA_SEALS_OC" */;
			buildPhases = (
				BC26CE4529921ECC00423FB4 /* Sources */,
				BC26CE4629921ECC00423FB4 /* Frameworks */,
				BC26CE4729921ECC00423FB4 /* Resources */,
			);
			buildRules = (
			);
			dependencies = (
			);
			name = CANDA_SEALS_OC;
			productName = CANDA_SEALS_OC;
			productReference = BC26CE4929921ECC00423FB4 /* CANDA_SEALS_OC.app */;
			productType = "com.apple.product-type.application";
		};
/* End PBXNativeTarget section */

/* Begin PBXProject section */
		BC26CE4129921ECC00423FB4 /* Project object */ = {
			isa = PBXProject;
			attributes = {
				BuildIndependentTargetsInParallel = 1;
				LastUpgradeCheck = 1410;
				TargetAttributes = {
					BC26CE4829921ECC00423FB4 = {
						CreatedOnToolsVersion = 14.1;
					};
				};
			};
			buildConfigurationList = BC26CE4429921ECC00423FB4 /* Build configuration list for PBXProject "CANDA_SEALS_OC" */;
			compatibilityVersion = "Xcode 14.0";
			developmentRegion = en;
			hasScannedForEncodings = 0;
			knownRegions = (
				en,
				Base,
			);
			mainGroup = BC26CE4029921ECC00423FB4;
			productRefGroup = BC26CE4A29921ECC00423FB4 /* Products */;
			projectDirPath = "";
			projectRoot = "";
			targets = (
				BC26CE4829921ECC00423FB4 /* CANDA_SEALS_OC */,
			);
		};
/* End PBXProject section */

/* Begin PBXResourcesBuildPhase section */
		BC26CE4729921ECC00423FB4 /* Resources */ = {
			isa = PBXResourcesBuildPhase;
			buildActionMask = 2147483647;
			files = (
				BC26CE5C29921ECD00423FB4 /* LaunchScreen.storyboard in Resources */,
				BC26CE5929921ECD00423FB4 /* Assets.xcassets in Resources */,
				BC26CE5729921ECC00423FB4 /* Main.storyboard in Resources */,
			);
			runOnlyForDeploymentPostprocessing = 0;
		};
/* End PBXResourcesBuildPhase section */

/* Begin PBXSourcesBuildPhase section */
		BC26CE4529921ECC00423FB4 /* Sources */ = {
			isa = PBXSourcesBuildPhase;
			buildActionMask = 2147483647;
			files = (
				BC26CE5429921ECC00423FB4 /* ViewController.m in Sources */,
				BC26CE4E29921ECC00423FB4 /* AppDelegate.m in Sources */,
				BC26CE5F29921ECD00423FB4 /* main.m in Sources */,
			);
			runOnlyForDeploymentPostprocessing = 0;
		};
/* End PBXSourcesBuildPhase section */

/* Begin PBXVariantGroup section */
		BC26CE5529921ECC00423FB4 /* Main.storyboard */ = {
			isa = PBXVariantGroup;
			children = (
				BC26CE5629921ECC00423FB4 /* Base */,
			);
			name = Main.storyboard;
			sourceTree = "<group>";
		};
		BC26CE5A29921ECD00423FB4 /* LaunchScreen.storyboard */ = {
			isa = PBXVariantGroup;
			children = (
				BC26CE5B29921ECD00423FB4 /* Base */,
			);
			name = LaunchScreen.storyboard;
			sourceTree = "<group>";
		};
/* End PBXVariantGroup section */

/* Begin XCBuildConfiguration section */
		BC26CE6029921ECD00423FB4 /* Debug */ = {
			isa = XCBuildConfiguration;
			buildSettings = {
				ALWAYS_SEARCH_USER_PATHS = NO;
				CLANG_ANALYZER_NONNULL = YES;
				CLANG_ANALYZER_NUMBER_OBJECT_CONVERSION = YES_AGGRESSIVE;
				CLANG_CXX_LANGUAGE_STANDARD = "gnu++20";
				CLANG_ENABLE_MODULES = YES;
				CLANG_ENABLE_OBJC_ARC = YES;
				CLANG_ENABLE_OBJC_WEAK = YES;
				CLANG_WARN_BLOCK_CAPTURE_AUTORELEASING = YES;
				CLANG_WARN_BOOL_CONVERSION = YES;
				CLANG_WARN_COMMA = YES;
				CLANG_WARN_CONSTANT_CONVERSION = YES;
				CLANG_WARN_DEPRECATED_OBJC_IMPLEMENTATIONS = YES;
				CLANG_WARN_DIRECT_OBJC_ISA_USAGE = YES_ERROR;
				CLANG_WARN_DOCUMENTATION_COMMENTS = YES;
				CLANG_WARN_EMPTY_BODY = YES;
				CLANG_WARN_ENUM_CONVERSION = YES;
				CLANG_WARN_INFINITE_RECURSION = YES;
				CLANG_WARN_INT_CONVERSION = YES;
				CLANG_WARN_NON_LITERAL_NULL_CONVERSION = YES;
				CLANG_WARN_OBJC_IMPLICIT_RETAIN_SELF = YES;
				CLANG_WARN_OBJC_LITERAL_CONVERSION = YES;
				CLANG_WARN_OBJC_ROOT_CLASS = YES_ERROR;
				CLANG_WARN_QUOTED_INCLUDE_IN_FRAMEWORK_HEADER = YES;
				CLANG_WARN_RANGE_LOOP_ANALYSIS = YES;
				CLANG_WARN_STRICT_PROTOTYPES = YES;
				CLANG_WARN_SUSPICIOUS_MOVE = YES;
				CLANG_WARN_UNGUARDED_AVAILABILITY = YES_AGGRESSIVE;
				CLANG_WARN_UNREACHABLE_CODE = YES;
				CLANG_WARN__DUPLICATE_METHOD_MATCH = YES;
				COPY_PHASE_STRIP = NO;
				DEBUG_INFORMATION_FORMAT = dwarf;
				ENABLE_STRICT_OBJC_MSGSEND = YES;
				ENABLE_TESTABILITY = YES;
				GCC_C_LANGUAGE_STANDARD = gnu11;
				GCC_DYNAMIC_NO_PIC = NO;
				GCC_NO_COMMON_BLOCKS = YES;
				GCC_OPTIMIZATION_LEVEL = 0;
				GCC_PREPROCESSOR_DEFINITIONS = (
					"DEBUG=1",
					"$(inherited)",
				);
				GCC_WARN_64_TO_32_BIT_CONVERSION = YES;
				GCC_WARN_ABOUT_RETURN_TYPE = YES_ERROR;
				GCC_WARN_UNDECLARED_SELECTOR = YES;
				GCC_WARN_UNINITIALIZED_AUTOS = YES_AGGRESSIVE;
				GCC_WARN_UNUSED_FUNCTION = YES;
				GCC_WARN_UNUSED_VARIABLE = YES;
				IPHONEOS_DEPLOYMENT_TARGET = 16.1;
				MTL_ENABLE_DEBUG_INFO = INCLUDE_SOURCE;
				MTL_FAST_MATH = YES;
				ONLY_ACTIVE_ARCH = YES;
				SDKROOT = iphoneos;
			};
			name = Debug;
		};
		BC26CE6129921ECD00423FB4 /* Release */ = {
			isa = XCBuildConfiguration;
			buildSettings = {
				ALWAYS_SEARCH_USER_PATHS = NO;
				CLANG_ANALYZER_NONNULL = YES;
				CLANG_ANALYZER_NUMBER_OBJECT_CONVERSION = YES_AGGRESSIVE;
				CLANG_CXX_LANGUAGE_STANDARD = "gnu++20";
				CLANG_ENABLE_MODULES = YES;
				CLANG_ENABLE_OBJC_ARC = YES;
				CLANG_ENABLE_OBJC_WEAK = YES;
				CLANG_WARN_BLOCK_CAPTURE_AUTORELEASING = YES;
				CLANG_WARN_BOOL_CONVERSION = YES;
				CLANG_WARN_COMMA = YES;
				CLANG_WARN_CONSTANT_CONVERSION = YES;
				CLANG_WARN_DEPRECATED_OBJC_IMPLEMENTATIONS = YES;
				CLANG_WARN_DIRECT_OBJC_ISA_USAGE = YES_ERROR;
				CLANG_WARN_DOCUMENTATION_COMMENTS = YES;
				CLANG_WARN_EMPTY_BODY = YES;
				CLANG_WARN_ENUM_CONVERSION = YES;
				CLANG_WARN_INFINITE_RECURSION = YES;
				CLANG_WARN_INT_CONVERSION = YES;
				CLANG_WARN_NON_LITERAL_NULL_CONVERSION = YES;
				CLANG_WARN_OBJC_IMPLICIT_RETAIN_SELF = YES;
				CLANG_WARN_OBJC_LITERAL_CONVERSION = YES;
				CLANG_WARN_OBJC_ROOT_CLASS = YES_ERROR;
				CLANG_WARN_QUOTED_INCLUDE_IN_FRAMEWORK_HEADER = YES;
				CLANG_WARN_RANGE_LOOP_ANALYSIS = YES;
				CLANG_WARN_STRICT_PROTOTYPES = YES;
				CLANG_WARN_SUSPICIOUS_MOVE = YES;
				CLANG_WARN_UNGUARDED_AVAILABILITY = YES_AGGRESSIVE;
				CLANG_WARN_UNREACHABLE_CODE = YES;
				CLANG_WARN__DUPLICATE_METHOD_MATCH = YES;
				COPY_PHASE_STRIP = NO;
				DEBUG_INFORMATION_FORMAT = "dwarf-with-dsym";
				ENABLE_NS_ASSERTIONS = NO;
				ENABLE_STRICT_OBJC_MSGSEND = YES;
				GCC_C_LANGUAGE_STANDARD = gnu11;
				GCC_NO_COMMON_BLOCKS = YES;
				GCC_WARN_64_TO_32_BIT_CONVERSION = YES;
				GCC_WARN_ABOUT_RETURN_TYPE = YES_ERROR;
				GCC_WARN_UNDECLARED_SELECTOR = YES;
				GCC_WARN_UNINITIALIZED_AUTOS = YES_AGGRESSIVE;
				GCC_WARN_UNUSED_FUNCTION = YES;
				GCC_WARN_UNUSED_VARIABLE = YES;
				IPHONEOS_DEPLOYMENT_TARGET = 16.1;
				MTL_ENABLE_DEBUG_INFO = NO;
				MTL_FAST_MATH = YES;
				SDKROOT = iphoneos;
				VALIDATE_PRODUCT = YES;
			};
			name = Release;
		};
		BC26CE6329921ECD00423FB4 /* Debug */ = {
			isa = XCBuildConfiguration;
			buildSettings = {
				ASSETCATALOG_COMPILER_APPICON_NAME = AppIcon;
				ASSETCATALOG_COMPILER_GLOBAL_ACCENT_COLOR_NAME = AccentColor;
				CODE_SIGN_STYLE = Automatic;
				CURRENT_PROJECT_VERSION = 1;
				DEVELOPMENT_TEAM = W82Y68RQKN;
				GENERATE_INFOPLIST_FILE = YES;
				INFOPLIST_FILE = CANDA_SEALS_OC/Info.plist;
				INFOPLIST_KEY_CFBundleDisplayName = "oc销";
				INFOPLIST_KEY_UIApplicationSupportsIndirectInputEvents = YES;
				INFOPLIST_KEY_UILaunchStoryboardName = LaunchScreen;
				INFOPLIST_KEY_UIMainStoryboardFile = Main;
				INFOPLIST_KEY_UISupportedInterfaceOrientations_iPad = "UIInterfaceOrientationPortrait UIInterfaceOrientationPortraitUpsideDown UIInterfaceOrientationLandscapeLeft UIInterfaceOrientationLandscapeRight";
				INFOPLIST_KEY_UISupportedInterfaceOrientations_iPhone = "UIInterfaceOrientationPortrait UIInterfaceOrientationLandscapeLeft UIInterfaceOrientationLandscapeRight";
				LD_RUNPATH_SEARCH_PATHS = (
					"$(inherited)",
					"@executable_path/Frameworks",
				);
				MARKETING_VERSION = 1.0;
				PRODUCT_BUNDLE_IDENTIFIER = com.canda.seals.oc;
				PRODUCT_NAME = "$(TARGET_NAME)";
				SWIFT_EMIT_LOC_STRINGS = YES;
				TARGETED_DEVICE_FAMILY = "1,2";
			};
			name = Debug;
		};
		BC26CE6429921ECD00423FB4 /* Release */ = {
			isa = XCBuildConfiguration;
			buildSettings = {
				ASSETCATALOG_COMPILER_APPICON_NAME = AppIcon;
				ASSETCATALOG_COMPILER_GLOBAL_ACCENT_COLOR_NAME = AccentColor;
				CODE_SIGN_STYLE = Automatic;
				CURRENT_PROJECT_VERSION = 1;
				DEVELOPMENT_TEAM = W82Y68RQKN;
				GENERATE_INFOPLIST_FILE = YES;
				INFOPLIST_FILE = CANDA_SEALS_OC/Info.plist;
				INFOPLIST_KEY_CFBundleDisplayName = "oc销";
				INFOPLIST_KEY_UIApplicationSupportsIndirectInputEvents = YES;
				INFOPLIST_KEY_UILaunchStoryboardName = LaunchScreen;
				INFOPLIST_KEY_UIMainStoryboardFile = Main;
				INFOPLIST_KEY_UISupportedInterfaceOrientations_iPad = "UIInterfaceOrientationPortrait UIInterfaceOrientationPortraitUpsideDown UIInterfaceOrientationLandscapeLeft UIInterfaceOrientationLandscapeRight";
				INFOPLIST_KEY_UISupportedInterfaceOrientations_iPhone = "UIInterfaceOrientationPortrait UIInterfaceOrientationLandscapeLeft UIInterfaceOrientationLandscapeRight";
				LD_RUNPATH_SEARCH_PATHS = (
					"$(inherited)",
					"@executable_path/Frameworks",
				);
				MARKETING_VERSION = 1.0;
				PRODUCT_BUNDLE_IDENTIFIER = com.canda.seals.oc;
				PRODUCT_NAME = "$(TARGET_NAME)";
				SWIFT_EMIT_LOC_STRINGS = YES;
				TARGETED_DEVICE_FAMILY = "1,2";
			};
			name = Release;
		};
/* End XCBuildConfiguration section */

/* Begin XCConfigurationList section */
		BC26CE4429921ECC00423FB4 /* Build configuration list for PBXProject "CANDA_SEALS_OC" */ = {
			isa = XCConfigurationList;
			buildConfigurations = (
				BC26CE6029921ECD00423FB4 /* Debug */,
				BC26CE6129921ECD00423FB4 /* Release */,
			);
			defaultConfigurationIsVisible = 0;
			defaultConfigurationName = Release;
		};
		BC26CE6229921ECD00423FB4 /* Build configuration list for PBXNativeTarget "CANDA_SEALS_OC" */ = {
			isa = XCConfigurationList;
			buildConfigurations = (
				BC26CE6329921ECD00423FB4 /* Debug */,
				BC26CE6429921ECD00423FB4 /* Release */,
			);
			defaultConfigurationIsVisible = 0;
			defaultConfigurationName = Release;
		};
/* End XCConfigurationList section */
	};
	rootObject = BC26CE4129921ECC00423FB4 /* Project object */;
}
